
Microsoft Visual Studio Solution File, Format Version 11.00
# Visual Studio 2010
Project("{F184B08F-C81C-45F6-A57F-5ABD9991F28F}") = "CFDIgen", "CFDIgen\CFDIgen.vbproj", "{D21F2245-6EDA-4D7D-B2BE-708A31152380}"
EndProject
Project("{54435603-DBB4-11D2-8724-00A0C9A8B90C}") = "Setup", "Setup\Setup.vdproj", "{B0D79CD3-DB19-4BEA-97AC-36D49EB93A17}"
EndProject
Global
	GlobalSection(SolutionConfigurationPlatforms) = preSolution
		CD_ROM|x86 = CD_ROM|x86
		Debug|x86 = Debug|x86
		DVD-5|x86 = DVD-5|x86
		Release|x86 = Release|x86
		SingleImage|x86 = SingleImage|x86
	EndGlobalSection
	GlobalSection(ProjectConfigurationPlatforms) = postSolution
		{D21F2245-6EDA-4D7D-B2BE-708A31152380}.CD_ROM|x86.ActiveCfg = Release|x86
		{D21F2245-6EDA-4D7D-B2BE-708A31152380}.CD_ROM|x86.Build.0 = Release|x86
		{D21F2245-6EDA-4D7D-B2BE-708A31152380}.Debug|x86.ActiveCfg = Debug|x86
		{D21F2245-6EDA-4D7D-B2BE-708A31152380}.Debug|x86.Build.0 = Debug|x86
		{D21F2245-6EDA-4D7D-B2BE-708A31152380}.DVD-5|x86.ActiveCfg = Debug|x86
		{D21F2245-6EDA-4D7D-B2BE-708A31152380}.DVD-5|x86.Build.0 = Debug|x86
		{D21F2245-6EDA-4D7D-B2BE-708A31152380}.Release|x86.ActiveCfg = Release|x86
		{D21F2245-6EDA-4D7D-B2BE-708A31152380}.Release|x86.Build.0 = Release|x86
		{D21F2245-6EDA-4D7D-B2BE-708A31152380}.SingleImage|x86.ActiveCfg = Release|x86
		{D21F2245-6EDA-4D7D-B2BE-708A31152380}.SingleImage|x86.Build.0 = Release|x86
		{B0D79CD3-DB19-4BEA-97AC-36D49EB93A17}.CD_ROM|x86.ActiveCfg = Release
		{B0D79CD3-DB19-4BEA-97AC-36D49EB93A17}.Debug|x86.ActiveCfg = Debug
		{B0D79CD3-DB19-4BEA-97AC-36D49EB93A17}.DVD-5|x86.ActiveCfg = Debug
		{B0D79CD3-DB19-4BEA-97AC-36D49EB93A17}.Release|x86.ActiveCfg = Release
		{B0D79CD3-DB19-4BEA-97AC-36D49EB93A17}.SingleImage|x86.ActiveCfg = Release
	EndGlobalSection
	GlobalSection(SolutionProperties) = preSolution
		HideSolutionNode = FALSE
	EndGlobalSection
EndGlobal
